<?xml version="1.0" encoding="utf-8"?>
<Project ToolsVersion="4.0" xmlns="http://schemas.microsoft.com/developer/msbuild/2003">
  <ItemGroup>
    <Filter Include="contrib">
      <UniqueIdentifier>{24cc9854-2049-4e2c-a185-ec103f5ab0c0}</UniqueIdentifier>
    </Filter>
    <Filter Include="contrib\adminpack">
      <UniqueIdentifier>{56bf6ee0-095b-4a9a-aec3-e6ae8dec93d2}</UniqueIdentifier>
    </Filter>
  </ItemGroup>
  <ItemGroup>
    <ClCompile Include="contrib\adminpack\adminpack.c">
      <Filter>contrib\adminpack</Filter>
    </ClCompile>
  </ItemGroup>
</Project>