<?xml version="1.0" encoding="utf-8"?>
<Project ToolsVersion="4.0" xmlns="http://schemas.microsoft.com/developer/msbuild/2003">
  <ItemGroup>
    <Filter Include="src">
      <UniqueIdentifier>{cc87b5e4-d10d-4929-88da-8b5467122a2b}</UniqueIdentifier>
    </Filter>
    <Filter Include="src\backend">
      <UniqueIdentifier>{1ff8d482-fbf7-4b82-a6a5-9d140439ddd1}</UniqueIdentifier>
    </Filter>
    <Filter Include="src\backend\parser">
      <UniqueIdentifier>{7df701ae-9e16-4160-8775-71f86c80c8d4}</UniqueIdentifier>
    </Filter>
    <Filter Include="src\bin">
      <UniqueIdentifier>{4c01d388-a2c5-40d6-9522-100b8fb89d20}</UniqueIdentifier>
    </Filter>
    <Filter Include="src\bin\pg_dump">
      <UniqueIdentifier>{dcce95e3-dc32-4609-a827-bcd09e8a53a7}</UniqueIdentifier>
    </Filter>
    <Filter Include="src\bin\scripts">
      <UniqueIdentifier>{3eadf3ea-0916-4f1b-9d74-296e620ac205}</UniqueIdentifier>
    </Filter>
  </ItemGroup>
  <ItemGroup>
    <ClCompile Include="src\backend\parser\kwlookup.c">
      <Filter>src\backend\parser</Filter>
    </ClCompile>
    <ClCompile Include="src\bin\pg_dump\dumputils.c">
      <Filter>src\bin\pg_dump</Filter>
    </ClCompile>
    <ClCompile Include="src\bin\pg_dump\keywords.c">
      <Filter>src\bin\pg_dump</Filter>
    </ClCompile>
    <ClCompile Include="src\bin\scripts\common.c">
      <Filter>src\bin\scripts</Filter>
    </ClCompile>
    <ClCompile Include="src\bin\scripts\createdb.c">
      <Filter>src\bin\scripts</Filter>
    </ClCompile>
  </ItemGroup>
  <ItemGroup>
    <ResourceCompile Include="src\bin\scripts\win32ver.rc">
      <Filter>src\bin\scripts</Filter>
    </ResourceCompile>
  </ItemGroup>
</Project>