<?xml version="1.0" encoding="utf-8"?>
<Project ToolsVersion="4.0" xmlns="http://schemas.microsoft.com/developer/msbuild/2003">
  <ItemGroup>
    <Filter Include="contrib">
      <UniqueIdentifier>{30414845-cbd8-4520-bafc-70b844e5414e}</UniqueIdentifier>
    </Filter>
    <Filter Include="contrib\pageinspect">
      <UniqueIdentifier>{9d87535f-3c52-4522-91b0-e986108eef16}</UniqueIdentifier>
    </Filter>
  </ItemGroup>
  <ItemGroup>
    <ClCompile Include="contrib\pageinspect\btreefuncs.c">
      <Filter>contrib\pageinspect</Filter>
    </ClCompile>
    <ClCompile Include="contrib\pageinspect\fsmfuncs.c">
      <Filter>contrib\pageinspect</Filter>
    </ClCompile>
    <ClCompile Include="contrib\pageinspect\heapfuncs.c">
      <Filter>contrib\pageinspect</Filter>
    </ClCompile>
    <ClCompile Include="contrib\pageinspect\rawpage.c">
      <Filter>contrib\pageinspect</Filter>
    </ClCompile>
  </ItemGroup>
</Project>