<?xml version="1.0" encoding="utf-8"?>
<Project ToolsVersion="4.0" xmlns="http://schemas.microsoft.com/developer/msbuild/2003">
  <ItemGroup>
    <Filter Include="contrib">
      <UniqueIdentifier>{67c2790b-ffea-4208-9b1b-7bd11cca464f}</UniqueIdentifier>
    </Filter>
    <Filter Include="contrib\passwordcheck">
      <UniqueIdentifier>{7ae94845-0611-4052-bb34-9b93211f2cd0}</UniqueIdentifier>
    </Filter>
  </ItemGroup>
  <ItemGroup>
    <ClCompile Include="contrib\passwordcheck\passwordcheck.c">
      <Filter>contrib\passwordcheck</Filter>
    </ClCompile>
  </ItemGroup>
</Project>