<?xml version="1.0" encoding="utf-8"?>
<Project ToolsVersion="4.0" xmlns="http://schemas.microsoft.com/developer/msbuild/2003">
  <ItemGroup>
    <Filter Include="contrib">
      <UniqueIdentifier>{c6881681-77f4-4db2-9bc1-14bb198f639e}</UniqueIdentifier>
    </Filter>
    <Filter Include="contrib\pg_buffercache">
      <UniqueIdentifier>{4bee2cf6-1f53-4e9d-88ce-dbd34a2d6942}</UniqueIdentifier>
    </Filter>
  </ItemGroup>
  <ItemGroup>
    <ClCompile Include="contrib\pg_buffercache\pg_buffercache_pages.c">
      <Filter>contrib\pg_buffercache</Filter>
    </ClCompile>
  </ItemGroup>
</Project>