Microsoft Visual Studio Solution File, Format Version 11.00
# Visual Studio 2010
Project("{2150E333-8FDC-42A3-9474-1A3956D46DE8}") = "bin", "bin", "{677595EE-A0A8-43CB-9B7B-4440919CCDE9}"
EndProject
Project("{2150E333-8FDC-42A3-9474-1A3956D46DE8}") = "contrib", "contrib", "{F3FF76DA-D330-4929-96DB-489F9C6D4C75}"
EndProject
Project("{2150E333-8FDC-42A3-9474-1A3956D46DE8}") = "utils", "utils", "{68165A7B-5910-417D-8DE6-4E7B2EA6760D}"
EndProject
Project("{2150E333-8FDC-42A3-9474-1A3956D46DE8}") = "crypto", "crypto", "{475ECB5A-3F2B-4862-A633-218B5CAC393A}"
EndProject
Project("{2150E333-8FDC-42A3-9474-1A3956D46DE8}") = "PLs", "PLs", "{66B2AB28-7441-4B72-99E3-4E6FA839DF62}"
EndProject
Project("{2150E333-8FDC-42A3-9474-1A3956D46DE8}") = "interfaces", "interfaces", "{C134B5C5-3302-4B74-B548-4B8033976B2A}"
EndProject
Project("{2150E333-8FDC-42A3-9474-1A3956D46DE8}") = "misc", "misc", "{77BE7C47-5F22-4A14-A0B7-B56252AD3C03}"
EndProject
Project("{2150E333-8FDC-42A3-9474-1A3956D46DE8}") = "conversion procs", "conversion procs", "{0176B34B-2D71-4C16-9715-2635633A9836}"
EndProject
Project("{8BC9CEB8-8B4A-11D0-8D11-00A0C91BC942}") = "postgres", "postgres.vcxproj", "{C9B24F9E-826A-479F-8CCE-43EE9905677B}"
EndProject
Project("{8BC9CEB8-8B4A-11D0-8D11-00A0C91BC942}") = "dict_snowball", "dict_snowball.vcxproj", "{B8D82255-0ACE-4713-800E-1DA6608EE82D}"
EndProject
Project("{8BC9CEB8-8B4A-11D0-8D11-00A0C91BC942}") = "libpqwalreceiver", "libpqwalreceiver.vcxproj", "{C3548751-4697-4B71-9F24-88953CD5FB19}"
EndProject
Project("{8BC9CEB8-8B4A-11D0-8D11-00A0C91BC942}") = "initdb", "initdb.vcxproj", "{90964E64-2355-48D3-9D62-507CF2589D69}"
EndProject
Project("{8BC9CEB8-8B4A-11D0-8D11-00A0C91BC942}") = "pg_config", "pg_config.vcxproj", "{5454540C-83FD-49BD-9357-13FB4BAB342E}"
EndProject
Project("{8BC9CEB8-8B4A-11D0-8D11-00A0C91BC942}") = "pg_controldata", "pg_controldata.vcxproj", "{83C2AF25-3F77-4FF2-8215-A06155FD47AD}"
EndProject
Project("{8BC9CEB8-8B4A-11D0-8D11-00A0C91BC942}") = "pg_ctl", "pg_ctl.vcxproj", "{7967D43A-F24C-40B5-ADD5-750595810A57}"
EndProject
Project("{8BC9CEB8-8B4A-11D0-8D11-00A0C91BC942}") = "pg_resetxlog", "pg_resetxlog.vcxproj", "{F12294D7-4182-4D21-8D7D-A9BD40FFD410}"
EndProject
Project("{8BC9CEB8-8B4A-11D0-8D11-00A0C91BC942}") = "pgevent", "pgevent.vcxproj", "{E07ADDA5-A945-46C2-9E74-996FE487C22B}"
EndProject
Project("{8BC9CEB8-8B4A-11D0-8D11-00A0C91BC942}") = "psql", "psql.vcxproj", "{911349D1-43CD-4880-8B40-9A4D600BA809}"
EndProject
Project("{8BC9CEB8-8B4A-11D0-8D11-00A0C91BC942}") = "pg_dump", "pg_dump.vcxproj", "{99993686-6809-4F27-9D8D-6595A64A9E37}"
EndProject
Project("{8BC9CEB8-8B4A-11D0-8D11-00A0C91BC942}") = "pg_dumpall", "pg_dumpall.vcxproj", "{21132353-4C1B-444D-8E34-477504F5302C}"
EndProject
Project("{8BC9CEB8-8B4A-11D0-8D11-00A0C91BC942}") = "pg_restore", "pg_restore.vcxproj", "{91AFD820-BD9C-448C-9C23-D8B5D225C72C}"
EndProject
Project("{8BC9CEB8-8B4A-11D0-8D11-00A0C91BC942}") = "createdb", "createdb.vcxproj", "{A9B18EE4-FEC9-4CE5-8A53-6CADCFA65180}"
EndProject
Project("{8BC9CEB8-8B4A-11D0-8D11-00A0C91BC942}") = "createlang", "createlang.vcxproj", "{E3AAB551-CB0A-466F-928C-AF533E64201A}"
EndProject
Project("{8BC9CEB8-8B4A-11D0-8D11-00A0C91BC942}") = "createuser", "createuser.vcxproj", "{F61CFA6D-671E-4130-B774-782D8EBAEAFD}"
EndProject
Project("{8BC9CEB8-8B4A-11D0-8D11-00A0C91BC942}") = "dropdb", "dropdb.vcxproj", "{E1210E97-7BCD-452A-802A-945611CD3A45}"
EndProject
Project("{8BC9CEB8-8B4A-11D0-8D11-00A0C91BC942}") = "droplang", "droplang.vcxproj", "{D65E3CAB-B933-4DB3-80FD-4EFB25752332}"
EndProject
Project("{8BC9CEB8-8B4A-11D0-8D11-00A0C91BC942}") = "dropuser", "dropuser.vcxproj", "{FA6EF1A2-D96F-443A-B177-B446849D85EA}"
EndProject
Project("{8BC9CEB8-8B4A-11D0-8D11-00A0C91BC942}") = "clusterdb", "clusterdb.vcxproj", "{163062C2-297D-41A8-ACE1-602E2711A769}"
EndProject
Project("{8BC9CEB8-8B4A-11D0-8D11-00A0C91BC942}") = "vacuumdb", "vacuumdb.vcxproj", "{047EBEED-77E0-4A8D-A77D-76A3E806E5A0}"
EndProject
Project("{8BC9CEB8-8B4A-11D0-8D11-00A0C91BC942}") = "reindexdb", "reindexdb.vcxproj", "{36D19514-6D9F-4165-BD4A-5899DE794E6B}"
EndProject
Project("{8BC9CEB8-8B4A-11D0-8D11-00A0C91BC942}") = "adminpack", "adminpack.vcxproj", "{5133CF47-B4AD-47B1-AC39-6C8A4226FD74}"
EndProject
Project("{8BC9CEB8-8B4A-11D0-8D11-00A0C91BC942}") = "auto_explain", "auto_explain.vcxproj", "{282BB3FC-32EF-478E-A544-ABD067B9200C}"
EndProject
Project("{8BC9CEB8-8B4A-11D0-8D11-00A0C91BC942}") = "btree_gin", "btree_gin.vcxproj", "{6CA3FA0A-46B3-465F-83BD-F8B4575DCCC2}"
EndProject
Project("{8BC9CEB8-8B4A-11D0-8D11-00A0C91BC942}") = "btree_gist", "btree_gist.vcxproj", "{66A0B6F9-BC59-4CC5-A3AB-E57FF28EAB5B}"
EndProject
Project("{8BC9CEB8-8B4A-11D0-8D11-00A0C91BC942}") = "chkpass", "chkpass.vcxproj", "{F060E381-3D8C-4D80-B775-82E4B0178121}"
EndProject
Project("{8BC9CEB8-8B4A-11D0-8D11-00A0C91BC942}") = "citext", "citext.vcxproj", "{5E9C6D2B-49A0-4525-A496-9E1A1A568A5B}"
EndProject
Project("{8BC9CEB8-8B4A-11D0-8D11-00A0C91BC942}") = "cube", "cube.vcxproj", "{E4BDBD22-604C-47AA-BD21-DEB6489B40F1}"
EndProject
Project("{8BC9CEB8-8B4A-11D0-8D11-00A0C91BC942}") = "dblink", "dblink.vcxproj", "{ECB2EDF6-3A8F-4BDB-8121-2A94142AB032}"
EndProject
Project("{8BC9CEB8-8B4A-11D0-8D11-00A0C91BC942}") = "dict_int", "dict_int.vcxproj", "{9D748E32-8930-4EFA-B407-FABDB09903B2}"
EndProject
Project("{8BC9CEB8-8B4A-11D0-8D11-00A0C91BC942}") = "dict_xsyn", "dict_xsyn.vcxproj", "{8EF86AE9-2E13-448B-B7BC-B660571D0493}"
EndProject
Project("{8BC9CEB8-8B4A-11D0-8D11-00A0C91BC942}") = "earthdistance", "earthdistance.vcxproj", "{01F58D3E-EE3B-4A60-ABFB-E2A3AA1FD2F2}"
EndProject
Project("{8BC9CEB8-8B4A-11D0-8D11-00A0C91BC942}") = "fuzzystrmatch", "fuzzystrmatch.vcxproj", "{08AED8A2-28E6-4BBB-B8FD-A0BF852EAB8F}"
EndProject
Project("{8BC9CEB8-8B4A-11D0-8D11-00A0C91BC942}") = "hstore", "hstore.vcxproj", "{A6D3A3C9-39EA-4787-92F9-23E5BDACC871}"
EndProject
Project("{8BC9CEB8-8B4A-11D0-8D11-00A0C91BC942}") = "_int", "_int.vcxproj", "{F49F8271-2E31-4140-A180-C8F8E40D50DE}"
EndProject
Project("{8BC9CEB8-8B4A-11D0-8D11-00A0C91BC942}") = "isn", "isn.vcxproj", "{3318ACD1-E031-4A3F-912A-4049D746139F}"
EndProject
Project("{8BC9CEB8-8B4A-11D0-8D11-00A0C91BC942}") = "lo", "lo.vcxproj", "{374F6C39-F661-4B4C-B3EC-71243DE6DDC5}"
EndProject
Project("{8BC9CEB8-8B4A-11D0-8D11-00A0C91BC942}") = "ltree", "ltree.vcxproj", "{3B3A7884-98C1-43CC-95ED-1A2BC1C3DBAA}"
EndProject
Project("{8BC9CEB8-8B4A-11D0-8D11-00A0C91BC942}") = "oid2name", "oid2name.vcxproj", "{B2035062-A5EA-4D16-B5DC-F3022739F0CF}"
EndProject
Project("{8BC9CEB8-8B4A-11D0-8D11-00A0C91BC942}") = "pageinspect", "pageinspect.vcxproj", "{F86922E4-BBB7-45D5-BEE2-885335D46779}"
EndProject
Project("{8BC9CEB8-8B4A-11D0-8D11-00A0C91BC942}") = "passwordcheck", "passwordcheck.vcxproj", "{656FFDEA-6596-4517-9A3F-53231A1321DE}"
EndProject
Project("{8BC9CEB8-8B4A-11D0-8D11-00A0C91BC942}") = "pgbench", "pgbench.vcxproj", "{FB561609-5666-49E0-8B24-8A0341F79340}"
EndProject
Project("{8BC9CEB8-8B4A-11D0-8D11-00A0C91BC942}") = "pgrowlocks", "pgrowlocks.vcxproj", "{D1CE13DF-A915-44E1-8896-9675D053AFAC}"
EndProject
Project("{8BC9CEB8-8B4A-11D0-8D11-00A0C91BC942}") = "pgstattuple", "pgstattuple.vcxproj", "{D84041CE-CBE9-4FED-B10A-F9B7AA6AF62E}"
EndProject
Project("{8BC9CEB8-8B4A-11D0-8D11-00A0C91BC942}") = "pg_archivecleanup", "pg_archivecleanup.vcxproj", "{02143677-5D10-41DB-89B9-B0765931E889}"
EndProject
Project("{8BC9CEB8-8B4A-11D0-8D11-00A0C91BC942}") = "pg_buffercache", "pg_buffercache.vcxproj", "{598EE1C2-D7EC-4CEA-8451-D8C1EA70A6B7}"
EndProject
Project("{8BC9CEB8-8B4A-11D0-8D11-00A0C91BC942}") = "pg_freespacemap", "pg_freespacemap.vcxproj", "{820C22D0-141C-4AD8-A478-A113A1FA9171}"
EndProject
Project("{8BC9CEB8-8B4A-11D0-8D11-00A0C91BC942}") = "pg_standby", "pg_standby.vcxproj", "{9861F2FC-BEED-4C75-9C40-ECB9B4248C09}"
EndProject
Project("{8BC9CEB8-8B4A-11D0-8D11-00A0C91BC942}") = "pg_stat_statements", "pg_stat_statements.vcxproj", "{8A749708-DAD3-4E85-AA8C-AE92FC17FD08}"
EndProject
Project("{8BC9CEB8-8B4A-11D0-8D11-00A0C91BC942}") = "pg_trgm", "pg_trgm.vcxproj", "{AE0F8EA3-C65A-4F4E-92A9-D8D729103466}"
EndProject
Project("{8BC9CEB8-8B4A-11D0-8D11-00A0C91BC942}") = "pg_upgrade", "pg_upgrade.vcxproj", "{FF5C3699-BC39-4B7E-8660-36E9A4FECCBE}"
EndProject
Project("{8BC9CEB8-8B4A-11D0-8D11-00A0C91BC942}") = "pg_upgrade_support", "pg_upgrade_support.vcxproj", "{1294FE39-75FD-4262-AA98-855CCD15C516}"
EndProject
Project("{8BC9CEB8-8B4A-11D0-8D11-00A0C91BC942}") = "seg", "seg.vcxproj", "{14C4760F-C782-4B13-B971-29C6FC3D68D1}"
EndProject
Project("{8BC9CEB8-8B4A-11D0-8D11-00A0C91BC942}") = "autoinc", "autoinc.vcxproj", "{9E1A6392-21B1-457C-8023-82C7DE2E3E7D}"
EndProject
Project("{8BC9CEB8-8B4A-11D0-8D11-00A0C91BC942}") = "insert_username", "insert_username.vcxproj", "{7268D765-361C-4A0A-9FC0-51200EBC1B15}"
EndProject
Project("{8BC9CEB8-8B4A-11D0-8D11-00A0C91BC942}") = "moddatetime", "moddatetime.vcxproj", "{6DD2290C-4FA8-44DD-8ADA-D32A49D9634F}"
EndProject
Project("{8BC9CEB8-8B4A-11D0-8D11-00A0C91BC942}") = "refint", "refint.vcxproj", "{F98D83C5-C549-4B58-82FD-652801EA7208}"
EndProject
Project("{8BC9CEB8-8B4A-11D0-8D11-00A0C91BC942}") = "timetravel", "timetravel.vcxproj", "{85F267A9-B62C-4BC0-B1EE-9B9DACE479BF}"
EndProject
Project("{8BC9CEB8-8B4A-11D0-8D11-00A0C91BC942}") = "tablefunc", "tablefunc.vcxproj", "{8BA38298-2106-4284-A663-BC02AD5F2526}"
EndProject
Project("{8BC9CEB8-8B4A-11D0-8D11-00A0C91BC942}") = "test_parser", "test_parser.vcxproj", "{482591CE-58ED-4541-BF97-9FD648BF5991}"
EndProject
Project("{8BC9CEB8-8B4A-11D0-8D11-00A0C91BC942}") = "tsearch2", "tsearch2.vcxproj", "{3CEAC2AA-F39B-4EAD-A0B7-A3591F42E970}"
EndProject
Project("{8BC9CEB8-8B4A-11D0-8D11-00A0C91BC942}") = "unaccent", "unaccent.vcxproj", "{19A26F7A-C8CB-4E29-8912-65207A020DFE}"
EndProject
Project("{8BC9CEB8-8B4A-11D0-8D11-00A0C91BC942}") = "vacuumlo", "vacuumlo.vcxproj", "{9A767576-5ECF-4D47-B01C-FF14410D570A}"
EndProject
Project("{8BC9CEB8-8B4A-11D0-8D11-00A0C91BC942}") = "zic", "zic.vcxproj", "{E9EDBBD6-2A34-4BCF-8DDE-A381C5AD6AAA}"
EndProject
Project("{8BC9CEB8-8B4A-11D0-8D11-00A0C91BC942}") = "pgcrypto", "pgcrypto.vcxproj", "{268622C2-C77F-4680-8803-624C9C7FED17}"
EndProject
Project("{8BC9CEB8-8B4A-11D0-8D11-00A0C91BC942}") = "plpgsql", "plpgsql.vcxproj", "{C7137ADF-65B7-4670-B6BC-6233F098669F}"
EndProject
Project("{8BC9CEB8-8B4A-11D0-8D11-00A0C91BC942}") = "libpq", "libpq.vcxproj", "{552FACB6-F7A2-490B-B3B5-CEB54072232E}"
EndProject
Project("{8BC9CEB8-8B4A-11D0-8D11-00A0C91BC942}") = "libpgtypes", "libpgtypes.vcxproj", "{BB7F9061-817D-4A7D-BA79-69FC7CB0A9B2}"
EndProject
Project("{8BC9CEB8-8B4A-11D0-8D11-00A0C91BC942}") = "libecpg", "libecpg.vcxproj", "{4D4100D5-2885-4ECD-8E9E-384FA76FC4FE}"
EndProject
Project("{8BC9CEB8-8B4A-11D0-8D11-00A0C91BC942}") = "libecpg_compat", "libecpg_compat.vcxproj", "{DC1CD693-3211-4065-BC83-99A6CBE2FED9}"
EndProject
Project("{8BC9CEB8-8B4A-11D0-8D11-00A0C91BC942}") = "ecpg", "ecpg.vcxproj", "{1D8E5936-AFC1-45C1-9A1F-726BE8BE3D4E}"
EndProject
Project("{8BC9CEB8-8B4A-11D0-8D11-00A0C91BC942}") = "libpgport", "libpgport.vcxproj", "{2778BBF8-4D6F-4B58-ACCA-033CAB83E87E}"
EndProject
Project("{8BC9CEB8-8B4A-11D0-8D11-00A0C91BC942}") = "pg_regress_ecpg", "pg_regress_ecpg.vcxproj", "{4C3789D7-3B76-4B6E-8A6F-33106D62F61F}"
EndProject
Project("{8BC9CEB8-8B4A-11D0-8D11-00A0C91BC942}") = "regress", "regress.vcxproj", "{C5DA4A3C-92DA-4326-8D64-3B8E97743BB2}"
EndProject
Project("{8BC9CEB8-8B4A-11D0-8D11-00A0C91BC942}") = "pg_regress", "pg_regress.vcxproj", "{6553C12D-4020-4F7C-840C-9A647384A9B8}"
EndProject
Project("{8BC9CEB8-8B4A-11D0-8D11-00A0C91BC942}") = "ascii_and_mic", "ascii_and_mic.vcxproj", "{53066AD5-17A7-4DBF-9037-2F74BCAEB516}"
EndProject
Project("{8BC9CEB8-8B4A-11D0-8D11-00A0C91BC942}") = "cyrillic_and_mic", "cyrillic_and_mic.vcxproj", "{0320B452-598E-4DA0-AB9E-6593AF66E911}"
EndProject
Project("{8BC9CEB8-8B4A-11D0-8D11-00A0C91BC942}") = "euc_cn_and_mic", "euc_cn_and_mic.vcxproj", "{5F9FB1A3-94FC-478C-81A7-52E891063063}"
EndProject
Project("{8BC9CEB8-8B4A-11D0-8D11-00A0C91BC942}") = "euc_jp_and_sjis", "euc_jp_and_sjis.vcxproj", "{D99DE0B9-1380-46B2-8A73-70E431877F9A}"
EndProject
Project("{8BC9CEB8-8B4A-11D0-8D11-00A0C91BC942}") = "euc_kr_and_mic", "euc_kr_and_mic.vcxproj", "{CD6370BF-9370-40C6-9E47-FAE37748F6FB}"
EndProject
Project("{8BC9CEB8-8B4A-11D0-8D11-00A0C91BC942}") = "euc_tw_and_big5", "euc_tw_and_big5.vcxproj", "{5F360EBE-1B08-45B2-B10A-9D6E7D1BE95F}"
EndProject
Project("{8BC9CEB8-8B4A-11D0-8D11-00A0C91BC942}") = "latin2_and_win1250", "latin2_and_win1250.vcxproj", "{77F72809-5900-4E9A-9E1B-BD6022F84FBD}"
EndProject
Project("{8BC9CEB8-8B4A-11D0-8D11-00A0C91BC942}") = "latin_and_mic", "latin_and_mic.vcxproj", "{0F07241D-7BDC-4CFB-BB10-99733A196037}"
EndProject
Project("{8BC9CEB8-8B4A-11D0-8D11-00A0C91BC942}") = "utf8_and_ascii", "utf8_and_ascii.vcxproj", "{D617DB3C-198E-4CF7-AB19-2B0C94E893DE}"
EndProject
Project("{8BC9CEB8-8B4A-11D0-8D11-00A0C91BC942}") = "utf8_and_big5", "utf8_and_big5.vcxproj", "{4FAAA542-48D8-46D4-923D-958A1CFD087B}"
EndProject
Project("{8BC9CEB8-8B4A-11D0-8D11-00A0C91BC942}") = "utf8_and_cyrillic", "utf8_and_cyrillic.vcxproj", "{B461DEC0-CC0A-4EEB-9F7F-A1E9EEB55218}"
EndProject
Project("{8BC9CEB8-8B4A-11D0-8D11-00A0C91BC942}") = "utf8_and_euc_cn", "utf8_and_euc_cn.vcxproj", "{2EF6BAA5-20D8-4EC7-B930-BC3F242EC6CA}"
EndProject
Project("{8BC9CEB8-8B4A-11D0-8D11-00A0C91BC942}") = "utf8_and_euc_jp", "utf8_and_euc_jp.vcxproj", "{94749D26-84E6-4F37-9467-4B64741F8072}"
EndProject
Project("{8BC9CEB8-8B4A-11D0-8D11-00A0C91BC942}") = "utf8_and_euc_kr", "utf8_and_euc_kr.vcxproj", "{4A4AE61C-B4BB-486B-8450-EE37B0E9E235}"
EndProject
Project("{8BC9CEB8-8B4A-11D0-8D11-00A0C91BC942}") = "utf8_and_euc_tw", "utf8_and_euc_tw.vcxproj", "{E15D36F0-C566-48FD-8709-DBE65ED2DAD2}"
EndProject
Project("{8BC9CEB8-8B4A-11D0-8D11-00A0C91BC942}") = "utf8_and_gb18030", "utf8_and_gb18030.vcxproj", "{FEED9A1A-A400-42E2-AF08-D3B9E7122A8E}"
EndProject
Project("{8BC9CEB8-8B4A-11D0-8D11-00A0C91BC942}") = "utf8_and_gbk", "utf8_and_gbk.vcxproj", "{F27EC02A-60DC-4B14-AC9D-2109851822B9}"
EndProject
Project("{8BC9CEB8-8B4A-11D0-8D11-00A0C91BC942}") = "utf8_and_iso8859", "utf8_and_iso8859.vcxproj", "{2E1E2ACA-F52A-4C48-ACD4-8DB30E784982}"
EndProject
Project("{8BC9CEB8-8B4A-11D0-8D11-00A0C91BC942}") = "utf8_and_iso8859_1", "utf8_and_iso8859_1.vcxproj", "{B5D65A23-44CD-41EB-A73A-DED7FE425FCB}"
EndProject
Project("{8BC9CEB8-8B4A-11D0-8D11-00A0C91BC942}") = "utf8_and_johab", "utf8_and_johab.vcxproj", "{84A6D1F0-E739-4904-95F8-913909B5EF94}"
EndProject
Project("{8BC9CEB8-8B4A-11D0-8D11-00A0C91BC942}") = "utf8_and_sjis", "utf8_and_sjis.vcxproj", "{34426CAB-2906-4F3F-8EB9-4B94286F48FE}"
EndProject
Project("{8BC9CEB8-8B4A-11D0-8D11-00A0C91BC942}") = "utf8_and_win", "utf8_and_win.vcxproj", "{DEFB1AF3-9D08-4B0A-BB85-ADCF29FE5157}"
EndProject
Project("{8BC9CEB8-8B4A-11D0-8D11-00A0C91BC942}") = "utf8_and_uhc", "utf8_and_uhc.vcxproj", "{413C9C98-40A4-4533-9651-D48E694BFFE4}"
EndProject
Project("{8BC9CEB8-8B4A-11D0-8D11-00A0C91BC942}") = "utf8_and_euc2004", "utf8_and_euc2004.vcxproj", "{BAFD1B84-64B6-4F24-818A-716C2820DBCF}"
EndProject
Project("{8BC9CEB8-8B4A-11D0-8D11-00A0C91BC942}") = "utf8_and_sjis2004", "utf8_and_sjis2004.vcxproj", "{1687EF5D-A706-4A0E-9380-B47DEC262E6E}"
EndProject
Project("{8BC9CEB8-8B4A-11D0-8D11-00A0C91BC942}") = "euc2004_sjis2004", "euc2004_sjis2004.vcxproj", "{9CA2E88B-F4A6-44CE-BD4B-CB2375CCB990}"
EndProject
Global
	GlobalSection(SolutionConfigurationPlatforms) = preSolution
		Debug|Win32 = Debug|Win32
		Release|Win32 = Release|Win32
	EndGlobalSection
	GlobalSection(ProjectConfigurationPlatforms) = postSolution
		{C9B24F9E-826A-479F-8CCE-43EE9905677B}.Debug|Win32.ActiveCfg = Debug|Win32
		{C9B24F9E-826A-479F-8CCE-43EE9905677B}.Debug|Win32.Build.0 = Debug|Win32
		{C9B24F9E-826A-479F-8CCE-43EE9905677B}.Release|Win32.ActiveCfg = Release|Win32
		{C9B24F9E-826A-479F-8CCE-43EE9905677B}.Release|Win32.Build.0 = Release|Win32
		{B8D82255-0ACE-4713-800E-1DA6608EE82D}.Debug|Win32.ActiveCfg = Debug|Win32
		{B8D82255-0ACE-4713-800E-1DA6608EE82D}.Debug|Win32.Build.0 = Debug|Win32
		{B8D82255-0ACE-4713-800E-1DA6608EE82D}.Release|Win32.ActiveCfg = Release|Win32
		{B8D82255-0ACE-4713-800E-1DA6608EE82D}.Release|Win32.Build.0 = Release|Win32
		{C3548751-4697-4B71-9F24-88953CD5FB19}.Debug|Win32.ActiveCfg = Debug|Win32
		{C3548751-4697-4B71-9F24-88953CD5FB19}.Debug|Win32.Build.0 = Debug|Win32
		{C3548751-4697-4B71-9F24-88953CD5FB19}.Release|Win32.ActiveCfg = Release|Win32
		{C3548751-4697-4B71-9F24-88953CD5FB19}.Release|Win32.Build.0 = Release|Win32
		{90964E64-2355-48D3-9D62-507CF2589D69}.Debug|Win32.ActiveCfg = Debug|Win32
		{90964E64-2355-48D3-9D62-507CF2589D69}.Debug|Win32.Build.0 = Debug|Win32
		{90964E64-2355-48D3-9D62-507CF2589D69}.Release|Win32.ActiveCfg = Release|Win32
		{90964E64-2355-48D3-9D62-507CF2589D69}.Release|Win32.Build.0 = Release|Win32
		{5454540C-83FD-49BD-9357-13FB4BAB342E}.Debug|Win32.ActiveCfg = Debug|Win32
		{5454540C-83FD-49BD-9357-13FB4BAB342E}.Debug|Win32.Build.0 = Debug|Win32
		{5454540C-83FD-49BD-9357-13FB4BAB342E}.Release|Win32.ActiveCfg = Release|Win32
		{5454540C-83FD-49BD-9357-13FB4BAB342E}.Release|Win32.Build.0 = Release|Win32
		{83C2AF25-3F77-4FF2-8215-A06155FD47AD}.Debug|Win32.ActiveCfg = Debug|Win32
		{83C2AF25-3F77-4FF2-8215-A06155FD47AD}.Debug|Win32.Build.0 = Debug|Win32
		{83C2AF25-3F77-4FF2-8215-A06155FD47AD}.Release|Win32.ActiveCfg = Release|Win32
		{83C2AF25-3F77-4FF2-8215-A06155FD47AD}.Release|Win32.Build.0 = Release|Win32
		{7967D43A-F24C-40B5-ADD5-750595810A57}.Debug|Win32.ActiveCfg = Debug|Win32
		{7967D43A-F24C-40B5-ADD5-750595810A57}.Debug|Win32.Build.0 = Debug|Win32
		{7967D43A-F24C-40B5-ADD5-750595810A57}.Release|Win32.ActiveCfg = Release|Win32
		{7967D43A-F24C-40B5-ADD5-750595810A57}.Release|Win32.Build.0 = Release|Win32
		{F12294D7-4182-4D21-8D7D-A9BD40FFD410}.Debug|Win32.ActiveCfg = Debug|Win32
		{F12294D7-4182-4D21-8D7D-A9BD40FFD410}.Debug|Win32.Build.0 = Debug|Win32
		{F12294D7-4182-4D21-8D7D-A9BD40FFD410}.Release|Win32.ActiveCfg = Release|Win32
		{F12294D7-4182-4D21-8D7D-A9BD40FFD410}.Release|Win32.Build.0 = Release|Win32
		{E07ADDA5-A945-46C2-9E74-996FE487C22B}.Debug|Win32.ActiveCfg = Debug|Win32
		{E07ADDA5-A945-46C2-9E74-996FE487C22B}.Debug|Win32.Build.0 = Debug|Win32
		{E07ADDA5-A945-46C2-9E74-996FE487C22B}.Release|Win32.ActiveCfg = Release|Win32
		{E07ADDA5-A945-46C2-9E74-996FE487C22B}.Release|Win32.Build.0 = Release|Win32
		{911349D1-43CD-4880-8B40-9A4D600BA809}.Debug|Win32.ActiveCfg = Debug|Win32
		{911349D1-43CD-4880-8B40-9A4D600BA809}.Debug|Win32.Build.0 = Debug|Win32
		{911349D1-43CD-4880-8B40-9A4D600BA809}.Release|Win32.ActiveCfg = Release|Win32
		{911349D1-43CD-4880-8B40-9A4D600BA809}.Release|Win32.Build.0 = Release|Win32
		{99993686-6809-4F27-9D8D-6595A64A9E37}.Debug|Win32.ActiveCfg = Debug|Win32
		{99993686-6809-4F27-9D8D-6595A64A9E37}.Debug|Win32.Build.0 = Debug|Win32
		{99993686-6809-4F27-9D8D-6595A64A9E37}.Release|Win32.ActiveCfg = Release|Win32
		{99993686-6809-4F27-9D8D-6595A64A9E37}.Release|Win32.Build.0 = Release|Win32
		{21132353-4C1B-444D-8E34-477504F5302C}.Debug|Win32.ActiveCfg = Debug|Win32
		{21132353-4C1B-444D-8E34-477504F5302C}.Debug|Win32.Build.0 = Debug|Win32
		{21132353-4C1B-444D-8E34-477504F5302C}.Release|Win32.ActiveCfg = Release|Win32
		{21132353-4C1B-444D-8E34-477504F5302C}.Release|Win32.Build.0 = Release|Win32
		{91AFD820-BD9C-448C-9C23-D8B5D225C72C}.Debug|Win32.ActiveCfg = Debug|Win32
		{91AFD820-BD9C-448C-9C23-D8B5D225C72C}.Debug|Win32.Build.0 = Debug|Win32
		{91AFD820-BD9C-448C-9C23-D8B5D225C72C}.Release|Win32.ActiveCfg = Release|Win32
		{91AFD820-BD9C-448C-9C23-D8B5D225C72C}.Release|Win32.Build.0 = Release|Win32
		{A9B18EE4-FEC9-4CE5-8A53-6CADCFA65180}.Debug|Win32.ActiveCfg = Debug|Win32
		{A9B18EE4-FEC9-4CE5-8A53-6CADCFA65180}.Debug|Win32.Build.0 = Debug|Win32
		{A9B18EE4-FEC9-4CE5-8A53-6CADCFA65180}.Release|Win32.ActiveCfg = Release|Win32
		{A9B18EE4-FEC9-4CE5-8A53-6CADCFA65180}.Release|Win32.Build.0 = Release|Win32
		{E3AAB551-CB0A-466F-928C-AF533E64201A}.Debug|Win32.ActiveCfg = Debug|Win32
		{E3AAB551-CB0A-466F-928C-AF533E64201A}.Debug|Win32.Build.0 = Debug|Win32
		{E3AAB551-CB0A-466F-928C-AF533E64201A}.Release|Win32.ActiveCfg = Release|Win32
		{E3AAB551-CB0A-466F-928C-AF533E64201A}.Release|Win32.Build.0 = Release|Win32
		{F61CFA6D-671E-4130-B774-782D8EBAEAFD}.Debug|Win32.ActiveCfg = Debug|Win32
		{F61CFA6D-671E-4130-B774-782D8EBAEAFD}.Debug|Win32.Build.0 = Debug|Win32
		{F61CFA6D-671E-4130-B774-782D8EBAEAFD}.Release|Win32.ActiveCfg = Release|Win32
		{F61CFA6D-671E-4130-B774-782D8EBAEAFD}.Release|Win32.Build.0 = Release|Win32
		{E1210E97-7BCD-452A-802A-945611CD3A45}.Debug|Win32.ActiveCfg = Debug|Win32
		{E1210E97-7BCD-452A-802A-945611CD3A45}.Debug|Win32.Build.0 = Debug|Win32
		{E1210E97-7BCD-452A-802A-945611CD3A45}.Release|Win32.ActiveCfg = Release|Win32
		{E1210E97-7BCD-452A-802A-945611CD3A45}.Release|Win32.Build.0 = Release|Win32
		{D65E3CAB-B933-4DB3-80FD-4EFB25752332}.Debug|Win32.ActiveCfg = Debug|Win32
		{D65E3CAB-B933-4DB3-80FD-4EFB25752332}.Debug|Win32.Build.0 = Debug|Win32
		{D65E3CAB-B933-4DB3-80FD-4EFB25752332}.Release|Win32.ActiveCfg = Release|Win32
		{D65E3CAB-B933-4DB3-80FD-4EFB25752332}.Release|Win32.Build.0 = Release|Win32
		{FA6EF1A2-D96F-443A-B177-B446849D85EA}.Debug|Win32.ActiveCfg = Debug|Win32
		{FA6EF1A2-D96F-443A-B177-B446849D85EA}.Debug|Win32.Build.0 = Debug|Win32
		{FA6EF1A2-D96F-443A-B177-B446849D85EA}.Release|Win32.ActiveCfg = Release|Win32
		{FA6EF1A2-D96F-443A-B177-B446849D85EA}.Release|Win32.Build.0 = Release|Win32
		{163062C2-297D-41A8-ACE1-602E2711A769}.Debug|Win32.ActiveCfg = Debug|Win32
		{163062C2-297D-41A8-ACE1-602E2711A769}.Debug|Win32.Build.0 = Debug|Win32
		{163062C2-297D-41A8-ACE1-602E2711A769}.Release|Win32.ActiveCfg = Release|Win32
		{163062C2-297D-41A8-ACE1-602E2711A769}.Release|Win32.Build.0 = Release|Win32
		{047EBEED-77E0-4A8D-A77D-76A3E806E5A0}.Debug|Win32.ActiveCfg = Debug|Win32
		{047EBEED-77E0-4A8D-A77D-76A3E806E5A0}.Debug|Win32.Build.0 = Debug|Win32
		{047EBEED-77E0-4A8D-A77D-76A3E806E5A0}.Release|Win32.ActiveCfg = Release|Win32
		{047EBEED-77E0-4A8D-A77D-76A3E806E5A0}.Release|Win32.Build.0 = Release|Win32
		{36D19514-6D9F-4165-BD4A-5899DE794E6B}.Debug|Win32.ActiveCfg = Debug|Win32
		{36D19514-6D9F-4165-BD4A-5899DE794E6B}.Debug|Win32.Build.0 = Debug|Win32
		{36D19514-6D9F-4165-BD4A-5899DE794E6B}.Release|Win32.ActiveCfg = Release|Win32
		{36D19514-6D9F-4165-BD4A-5899DE794E6B}.Release|Win32.Build.0 = Release|Win32
		{5133CF47-B4AD-47B1-AC39-6C8A4226FD74}.Debug|Win32.ActiveCfg = Debug|Win32
		{5133CF47-B4AD-47B1-AC39-6C8A4226FD74}.Debug|Win32.Build.0 = Debug|Win32
		{5133CF47-B4AD-47B1-AC39-6C8A4226FD74}.Release|Win32.ActiveCfg = Release|Win32
		{5133CF47-B4AD-47B1-AC39-6C8A4226FD74}.Release|Win32.Build.0 = Release|Win32
		{282BB3FC-32EF-478E-A544-ABD067B9200C}.Debug|Win32.ActiveCfg = Debug|Win32
		{282BB3FC-32EF-478E-A544-ABD067B9200C}.Debug|Win32.Build.0 = Debug|Win32
		{282BB3FC-32EF-478E-A544-ABD067B9200C}.Release|Win32.ActiveCfg = Release|Win32
		{282BB3FC-32EF-478E-A544-ABD067B9200C}.Release|Win32.Build.0 = Release|Win32
		{6CA3FA0A-46B3-465F-83BD-F8B4575DCCC2}.Debug|Win32.ActiveCfg = Debug|Win32
		{6CA3FA0A-46B3-465F-83BD-F8B4575DCCC2}.Debug|Win32.Build.0 = Debug|Win32
		{6CA3FA0A-46B3-465F-83BD-F8B4575DCCC2}.Release|Win32.ActiveCfg = Release|Win32
		{6CA3FA0A-46B3-465F-83BD-F8B4575DCCC2}.Release|Win32.Build.0 = Release|Win32
		{66A0B6F9-BC59-4CC5-A3AB-E57FF28EAB5B}.Debug|Win32.ActiveCfg = Debug|Win32
		{66A0B6F9-BC59-4CC5-A3AB-E57FF28EAB5B}.Debug|Win32.Build.0 = Debug|Win32
		{66A0B6F9-BC59-4CC5-A3AB-E57FF28EAB5B}.Release|Win32.ActiveCfg = Release|Win32
		{66A0B6F9-BC59-4CC5-A3AB-E57FF28EAB5B}.Release|Win32.Build.0 = Release|Win32
		{F060E381-3D8C-4D80-B775-82E4B0178121}.Debug|Win32.ActiveCfg = Debug|Win32
		{F060E381-3D8C-4D80-B775-82E4B0178121}.Debug|Win32.Build.0 = Debug|Win32
		{F060E381-3D8C-4D80-B775-82E4B0178121}.Release|Win32.ActiveCfg = Release|Win32
		{F060E381-3D8C-4D80-B775-82E4B0178121}.Release|Win32.Build.0 = Release|Win32
		{5E9C6D2B-49A0-4525-A496-9E1A1A568A5B}.Debug|Win32.ActiveCfg = Debug|Win32
		{5E9C6D2B-49A0-4525-A496-9E1A1A568A5B}.Debug|Win32.Build.0 = Debug|Win32
		{5E9C6D2B-49A0-4525-A496-9E1A1A568A5B}.Release|Win32.ActiveCfg = Release|Win32
		{5E9C6D2B-49A0-4525-A496-9E1A1A568A5B}.Release|Win32.Build.0 = Release|Win32
		{E4BDBD22-604C-47AA-BD21-DEB6489B40F1}.Debug|Win32.ActiveCfg = Debug|Win32
		{E4BDBD22-604C-47AA-BD21-DEB6489B40F1}.Debug|Win32.Build.0 = Debug|Win32
		{E4BDBD22-604C-47AA-BD21-DEB6489B40F1}.Release|Win32.ActiveCfg = Release|Win32
		{E4BDBD22-604C-47AA-BD21-DEB6489B40F1}.Release|Win32.Build.0 = Release|Win32
		{ECB2EDF6-3A8F-4BDB-8121-2A94142AB032}.Debug|Win32.ActiveCfg = Debug|Win32
		{ECB2EDF6-3A8F-4BDB-8121-2A94142AB032}.Debug|Win32.Build.0 = Debug|Win32
		{ECB2EDF6-3A8F-4BDB-8121-2A94142AB032}.Release|Win32.ActiveCfg = Release|Win32
		{ECB2EDF6-3A8F-4BDB-8121-2A94142AB032}.Release|Win32.Build.0 = Release|Win32
		{9D748E32-8930-4EFA-B407-FABDB09903B2}.Debug|Win32.ActiveCfg = Debug|Win32
		{9D748E32-8930-4EFA-B407-FABDB09903B2}.Debug|Win32.Build.0 = Debug|Win32
		{9D748E32-8930-4EFA-B407-FABDB09903B2}.Release|Win32.ActiveCfg = Release|Win32
		{9D748E32-8930-4EFA-B407-FABDB09903B2}.Release|Win32.Build.0 = Release|Win32
		{8EF86AE9-2E13-448B-B7BC-B660571D0493}.Debug|Win32.ActiveCfg = Debug|Win32
		{8EF86AE9-2E13-448B-B7BC-B660571D0493}.Debug|Win32.Build.0 = Debug|Win32
		{8EF86AE9-2E13-448B-B7BC-B660571D0493}.Release|Win32.ActiveCfg = Release|Win32
		{8EF86AE9-2E13-448B-B7BC-B660571D0493}.Release|Win32.Build.0 = Release|Win32
		{01F58D3E-EE3B-4A60-ABFB-E2A3AA1FD2F2}.Debug|Win32.ActiveCfg = Debug|Win32
		{01F58D3E-EE3B-4A60-ABFB-E2A3AA1FD2F2}.Debug|Win32.Build.0 = Debug|Win32
		{01F58D3E-EE3B-4A60-ABFB-E2A3AA1FD2F2}.Release|Win32.ActiveCfg = Release|Win32
		{01F58D3E-EE3B-4A60-ABFB-E2A3AA1FD2F2}.Release|Win32.Build.0 = Release|Win32
		{08AED8A2-28E6-4BBB-B8FD-A0BF852EAB8F}.Debug|Win32.ActiveCfg = Debug|Win32
		{08AED8A2-28E6-4BBB-B8FD-A0BF852EAB8F}.Debug|Win32.Build.0 = Debug|Win32
		{08AED8A2-28E6-4BBB-B8FD-A0BF852EAB8F}.Release|Win32.ActiveCfg = Release|Win32
		{08AED8A2-28E6-4BBB-B8FD-A0BF852EAB8F}.Release|Win32.Build.0 = Release|Win32
		{A6D3A3C9-39EA-4787-92F9-23E5BDACC871}.Debug|Win32.ActiveCfg = Debug|Win32
		{A6D3A3C9-39EA-4787-92F9-23E5BDACC871}.Debug|Win32.Build.0 = Debug|Win32
		{A6D3A3C9-39EA-4787-92F9-23E5BDACC871}.Release|Win32.ActiveCfg = Release|Win32
		{A6D3A3C9-39EA-4787-92F9-23E5BDACC871}.Release|Win32.Build.0 = Release|Win32
		{F49F8271-2E31-4140-A180-C8F8E40D50DE}.Debug|Win32.ActiveCfg = Debug|Win32
		{F49F8271-2E31-4140-A180-C8F8E40D50DE}.Debug|Win32.Build.0 = Debug|Win32
		{F49F8271-2E31-4140-A180-C8F8E40D50DE}.Release|Win32.ActiveCfg = Release|Win32
		{F49F8271-2E31-4140-A180-C8F8E40D50DE}.Release|Win32.Build.0 = Release|Win32
		{3318ACD1-E031-4A3F-912A-4049D746139F}.Debug|Win32.ActiveCfg = Debug|Win32
		{3318ACD1-E031-4A3F-912A-4049D746139F}.Debug|Win32.Build.0 = Debug|Win32
		{3318ACD1-E031-4A3F-912A-4049D746139F}.Release|Win32.ActiveCfg = Release|Win32
		{3318ACD1-E031-4A3F-912A-4049D746139F}.Release|Win32.Build.0 = Release|Win32
		{374F6C39-F661-4B4C-B3EC-71243DE6DDC5}.Debug|Win32.ActiveCfg = Debug|Win32
		{374F6C39-F661-4B4C-B3EC-71243DE6DDC5}.Debug|Win32.Build.0 = Debug|Win32
		{374F6C39-F661-4B4C-B3EC-71243DE6DDC5}.Release|Win32.ActiveCfg = Release|Win32
		{374F6C39-F661-4B4C-B3EC-71243DE6DDC5}.Release|Win32.Build.0 = Release|Win32
		{3B3A7884-98C1-43CC-95ED-1A2BC1C3DBAA}.Debug|Win32.ActiveCfg = Debug|Win32
		{3B3A7884-98C1-43CC-95ED-1A2BC1C3DBAA}.Debug|Win32.Build.0 = Debug|Win32
		{3B3A7884-98C1-43CC-95ED-1A2BC1C3DBAA}.Release|Win32.ActiveCfg = Release|Win32
		{3B3A7884-98C1-43CC-95ED-1A2BC1C3DBAA}.Release|Win32.Build.0 = Release|Win32
		{B2035062-A5EA-4D16-B5DC-F3022739F0CF}.Debug|Win32.ActiveCfg = Debug|Win32
		{B2035062-A5EA-4D16-B5DC-F3022739F0CF}.Debug|Win32.Build.0 = Debug|Win32
		{B2035062-A5EA-4D16-B5DC-F3022739F0CF}.Release|Win32.ActiveCfg = Release|Win32
		{B2035062-A5EA-4D16-B5DC-F3022739F0CF}.Release|Win32.Build.0 = Release|Win32
		{F86922E4-BBB7-45D5-BEE2-885335D46779}.Debug|Win32.ActiveCfg = Debug|Win32
		{F86922E4-BBB7-45D5-BEE2-885335D46779}.Debug|Win32.Build.0 = Debug|Win32
		{F86922E4-BBB7-45D5-BEE2-885335D46779}.Release|Win32.ActiveCfg = Release|Win32
		{F86922E4-BBB7-45D5-BEE2-885335D46779}.Release|Win32.Build.0 = Release|Win32
		{656FFDEA-6596-4517-9A3F-53231A1321DE}.Debug|Win32.ActiveCfg = Debug|Win32
		{656FFDEA-6596-4517-9A3F-53231A1321DE}.Debug|Win32.Build.0 = Debug|Win32
		{656FFDEA-6596-4517-9A3F-53231A1321DE}.Release|Win32.ActiveCfg = Release|Win32
		{656FFDEA-6596-4517-9A3F-53231A1321DE}.Release|Win32.Build.0 = Release|Win32
		{FB561609-5666-49E0-8B24-8A0341F79340}.Debug|Win32.ActiveCfg = Debug|Win32
		{FB561609-5666-49E0-8B24-8A0341F79340}.Debug|Win32.Build.0 = Debug|Win32
		{FB561609-5666-49E0-8B24-8A0341F79340}.Release|Win32.ActiveCfg = Release|Win32
		{FB561609-5666-49E0-8B24-8A0341F79340}.Release|Win32.Build.0 = Release|Win32
		{D1CE13DF-A915-44E1-8896-9675D053AFAC}.Debug|Win32.ActiveCfg = Debug|Win32
		{D1CE13DF-A915-44E1-8896-9675D053AFAC}.Debug|Win32.Build.0 = Debug|Win32
		{D1CE13DF-A915-44E1-8896-9675D053AFAC}.Release|Win32.ActiveCfg = Release|Win32
		{D1CE13DF-A915-44E1-8896-9675D053AFAC}.Release|Win32.Build.0 = Release|Win32
		{D84041CE-CBE9-4FED-B10A-F9B7AA6AF62E}.Debug|Win32.ActiveCfg = Debug|Win32
		{D84041CE-CBE9-4FED-B10A-F9B7AA6AF62E}.Debug|Win32.Build.0 = Debug|Win32
		{D84041CE-CBE9-4FED-B10A-F9B7AA6AF62E}.Release|Win32.ActiveCfg = Release|Win32
		{D84041CE-CBE9-4FED-B10A-F9B7AA6AF62E}.Release|Win32.Build.0 = Release|Win32
		{02143677-5D10-41DB-89B9-B0765931E889}.Debug|Win32.ActiveCfg = Debug|Win32
		{02143677-5D10-41DB-89B9-B0765931E889}.Debug|Win32.Build.0 = Debug|Win32
		{02143677-5D10-41DB-89B9-B0765931E889}.Release|Win32.ActiveCfg = Release|Win32
		{02143677-5D10-41DB-89B9-B0765931E889}.Release|Win32.Build.0 = Release|Win32
		{598EE1C2-D7EC-4CEA-8451-D8C1EA70A6B7}.Debug|Win32.ActiveCfg = Debug|Win32
		{598EE1C2-D7EC-4CEA-8451-D8C1EA70A6B7}.Debug|Win32.Build.0 = Debug|Win32
		{598EE1C2-D7EC-4CEA-8451-D8C1EA70A6B7}.Release|Win32.ActiveCfg = Release|Win32
		{598EE1C2-D7EC-4CEA-8451-D8C1EA70A6B7}.Release|Win32.Build.0 = Release|Win32
		{820C22D0-141C-4AD8-A478-A113A1FA9171}.Debug|Win32.ActiveCfg = Debug|Win32
		{820C22D0-141C-4AD8-A478-A113A1FA9171}.Debug|Win32.Build.0 = Debug|Win32
		{820C22D0-141C-4AD8-A478-A113A1FA9171}.Release|Win32.ActiveCfg = Release|Win32
		{820C22D0-141C-4AD8-A478-A113A1FA9171}.Release|Win32.Build.0 = Release|Win32
		{9861F2FC-BEED-4C75-9C40-ECB9B4248C09}.Debug|Win32.ActiveCfg = Debug|Win32
		{9861F2FC-BEED-4C75-9C40-ECB9B4248C09}.Debug|Win32.Build.0 = Debug|Win32
		{9861F2FC-BEED-4C75-9C40-ECB9B4248C09}.Release|Win32.ActiveCfg = Release|Win32
		{9861F2FC-BEED-4C75-9C40-ECB9B4248C09}.Release|Win32.Build.0 = Release|Win32
		{8A749708-DAD3-4E85-AA8C-AE92FC17FD08}.Debug|Win32.ActiveCfg = Debug|Win32
		{8A749708-DAD3-4E85-AA8C-AE92FC17FD08}.Debug|Win32.Build.0 = Debug|Win32
		{8A749708-DAD3-4E85-AA8C-AE92FC17FD08}.Release|Win32.ActiveCfg = Release|Win32
		{8A749708-DAD3-4E85-AA8C-AE92FC17FD08}.Release|Win32.Build.0 = Release|Win32
		{AE0F8EA3-C65A-4F4E-92A9-D8D729103466}.Debug|Win32.ActiveCfg = Debug|Win32
		{AE0F8EA3-C65A-4F4E-92A9-D8D729103466}.Debug|Win32.Build.0 = Debug|Win32
		{AE0F8EA3-C65A-4F4E-92A9-D8D729103466}.Release|Win32.ActiveCfg = Release|Win32
		{AE0F8EA3-C65A-4F4E-92A9-D8D729103466}.Release|Win32.Build.0 = Release|Win32
		{FF5C3699-BC39-4B7E-8660-36E9A4FECCBE}.Debug|Win32.ActiveCfg = Debug|Win32
		{FF5C3699-BC39-4B7E-8660-36E9A4FECCBE}.Debug|Win32.Build.0 = Debug|Win32
		{FF5C3699-BC39-4B7E-8660-36E9A4FECCBE}.Release|Win32.ActiveCfg = Release|Win32
		{FF5C3699-BC39-4B7E-8660-36E9A4FECCBE}.Release|Win32.Build.0 = Release|Win32
		{1294FE39-75FD-4262-AA98-855CCD15C516}.Debug|Win32.ActiveCfg = Debug|Win32
		{1294FE39-75FD-4262-AA98-855CCD15C516}.Debug|Win32.Build.0 = Debug|Win32
		{1294FE39-75FD-4262-AA98-855CCD15C516}.Release|Win32.ActiveCfg = Release|Win32
		{1294FE39-75FD-4262-AA98-855CCD15C516}.Release|Win32.Build.0 = Release|Win32
		{14C4760F-C782-4B13-B971-29C6FC3D68D1}.Debug|Win32.ActiveCfg = Debug|Win32
		{14C4760F-C782-4B13-B971-29C6FC3D68D1}.Debug|Win32.Build.0 = Debug|Win32
		{14C4760F-C782-4B13-B971-29C6FC3D68D1}.Release|Win32.ActiveCfg = Release|Win32
		{14C4760F-C782-4B13-B971-29C6FC3D68D1}.Release|Win32.Build.0 = Release|Win32
		{9E1A6392-21B1-457C-8023-82C7DE2E3E7D}.Debug|Win32.ActiveCfg = Debug|Win32
		{9E1A6392-21B1-457C-8023-82C7DE2E3E7D}.Debug|Win32.Build.0 = Debug|Win32
		{9E1A6392-21B1-457C-8023-82C7DE2E3E7D}.Release|Win32.ActiveCfg = Release|Win32
		{9E1A6392-21B1-457C-8023-82C7DE2E3E7D}.Release|Win32.Build.0 = Release|Win32
		{7268D765-361C-4A0A-9FC0-51200EBC1B15}.Debug|Win32.ActiveCfg = Debug|Win32
		{7268D765-361C-4A0A-9FC0-51200EBC1B15}.Debug|Win32.Build.0 = Debug|Win32
		{7268D765-361C-4A0A-9FC0-51200EBC1B15}.Release|Win32.ActiveCfg = Release|Win32
		{7268D765-361C-4A0A-9FC0-51200EBC1B15}.Release|Win32.Build.0 = Release|Win32
		{6DD2290C-4FA8-44DD-8ADA-D32A49D9634F}.Debug|Win32.ActiveCfg = Debug|Win32
		{6DD2290C-4FA8-44DD-8ADA-D32A49D9634F}.Debug|Win32.Build.0 = Debug|Win32
		{6DD2290C-4FA8-44DD-8ADA-D32A49D9634F}.Release|Win32.ActiveCfg = Release|Win32
		{6DD2290C-4FA8-44DD-8ADA-D32A49D9634F}.Release|Win32.Build.0 = Release|Win32
		{F98D83C5-C549-4B58-82FD-652801EA7208}.Debug|Win32.ActiveCfg = Debug|Win32
		{F98D83C5-C549-4B58-82FD-652801EA7208}.Debug|Win32.Build.0 = Debug|Win32
		{F98D83C5-C549-4B58-82FD-652801EA7208}.Release|Win32.ActiveCfg = Release|Win32
		{F98D83C5-C549-4B58-82FD-652801EA7208}.Release|Win32.Build.0 = Release|Win32
		{85F267A9-B62C-4BC0-B1EE-9B9DACE479BF}.Debug|Win32.ActiveCfg = Debug|Win32
		{85F267A9-B62C-4BC0-B1EE-9B9DACE479BF}.Debug|Win32.Build.0 = Debug|Win32
		{85F267A9-B62C-4BC0-B1EE-9B9DACE479BF}.Release|Win32.ActiveCfg = Release|Win32
		{85F267A9-B62C-4BC0-B1EE-9B9DACE479BF}.Release|Win32.Build.0 = Release|Win32
		{8BA38298-2106-4284-A663-BC02AD5F2526}.Debug|Win32.ActiveCfg = Debug|Win32
		{8BA38298-2106-4284-A663-BC02AD5F2526}.Debug|Win32.Build.0 = Debug|Win32
		{8BA38298-2106-4284-A663-BC02AD5F2526}.Release|Win32.ActiveCfg = Release|Win32
		{8BA38298-2106-4284-A663-BC02AD5F2526}.Release|Win32.Build.0 = Release|Win32
		{482591CE-58ED-4541-BF97-9FD648BF5991}.Debug|Win32.ActiveCfg = Debug|Win32
		{482591CE-58ED-4541-BF97-9FD648BF5991}.Debug|Win32.Build.0 = Debug|Win32
		{482591CE-58ED-4541-BF97-9FD648BF5991}.Release|Win32.ActiveCfg = Release|Win32
		{482591CE-58ED-4541-BF97-9FD648BF5991}.Release|Win32.Build.0 = Release|Win32
		{3CEAC2AA-F39B-4EAD-A0B7-A3591F42E970}.Debug|Win32.ActiveCfg = Debug|Win32
		{3CEAC2AA-F39B-4EAD-A0B7-A3591F42E970}.Debug|Win32.Build.0 = Debug|Win32
		{3CEAC2AA-F39B-4EAD-A0B7-A3591F42E970}.Release|Win32.ActiveCfg = Release|Win32
		{3CEAC2AA-F39B-4EAD-A0B7-A3591F42E970}.Release|Win32.Build.0 = Release|Win32
		{19A26F7A-C8CB-4E29-8912-65207A020DFE}.Debug|Win32.ActiveCfg = Debug|Win32
		{19A26F7A-C8CB-4E29-8912-65207A020DFE}.Debug|Win32.Build.0 = Debug|Win32
		{19A26F7A-C8CB-4E29-8912-65207A020DFE}.Release|Win32.ActiveCfg = Release|Win32
		{19A26F7A-C8CB-4E29-8912-65207A020DFE}.Release|Win32.Build.0 = Release|Win32
		{9A767576-5ECF-4D47-B01C-FF14410D570A}.Debug|Win32.ActiveCfg = Debug|Win32
		{9A767576-5ECF-4D47-B01C-FF14410D570A}.Debug|Win32.Build.0 = Debug|Win32
		{9A767576-5ECF-4D47-B01C-FF14410D570A}.Release|Win32.ActiveCfg = Release|Win32
		{9A767576-5ECF-4D47-B01C-FF14410D570A}.Release|Win32.Build.0 = Release|Win32
		{E9EDBBD6-2A34-4BCF-8DDE-A381C5AD6AAA}.Debug|Win32.ActiveCfg = Debug|Win32
		{E9EDBBD6-2A34-4BCF-8DDE-A381C5AD6AAA}.Debug|Win32.Build.0 = Debug|Win32
		{E9EDBBD6-2A34-4BCF-8DDE-A381C5AD6AAA}.Release|Win32.ActiveCfg = Release|Win32
		{E9EDBBD6-2A34-4BCF-8DDE-A381C5AD6AAA}.Release|Win32.Build.0 = Release|Win32
		{268622C2-C77F-4680-8803-624C9C7FED17}.Debug|Win32.ActiveCfg = Debug|Win32
		{268622C2-C77F-4680-8803-624C9C7FED17}.Debug|Win32.Build.0 = Debug|Win32
		{268622C2-C77F-4680-8803-624C9C7FED17}.Release|Win32.ActiveCfg = Release|Win32
		{268622C2-C77F-4680-8803-624C9C7FED17}.Release|Win32.Build.0 = Release|Win32
		{C7137ADF-65B7-4670-B6BC-6233F098669F}.Debug|Win32.ActiveCfg = Debug|Win32
		{C7137ADF-65B7-4670-B6BC-6233F098669F}.Debug|Win32.Build.0 = Debug|Win32
		{C7137ADF-65B7-4670-B6BC-6233F098669F}.Release|Win32.ActiveCfg = Release|Win32
		{C7137ADF-65B7-4670-B6BC-6233F098669F}.Release|Win32.Build.0 = Release|Win32
		{552FACB6-F7A2-490B-B3B5-CEB54072232E}.Debug|Win32.ActiveCfg = Debug|Win32
		{552FACB6-F7A2-490B-B3B5-CEB54072232E}.Debug|Win32.Build.0 = Debug|Win32
		{552FACB6-F7A2-490B-B3B5-CEB54072232E}.Release|Win32.ActiveCfg = Release|Win32
		{552FACB6-F7A2-490B-B3B5-CEB54072232E}.Release|Win32.Build.0 = Release|Win32
		{BB7F9061-817D-4A7D-BA79-69FC7CB0A9B2}.Debug|Win32.ActiveCfg = Debug|Win32
		{BB7F9061-817D-4A7D-BA79-69FC7CB0A9B2}.Debug|Win32.Build.0 = Debug|Win32
		{BB7F9061-817D-4A7D-BA79-69FC7CB0A9B2}.Release|Win32.ActiveCfg = Release|Win32
		{BB7F9061-817D-4A7D-BA79-69FC7CB0A9B2}.Release|Win32.Build.0 = Release|Win32
		{4D4100D5-2885-4ECD-8E9E-384FA76FC4FE}.Debug|Win32.ActiveCfg = Debug|Win32
		{4D4100D5-2885-4ECD-8E9E-384FA76FC4FE}.Debug|Win32.Build.0 = Debug|Win32
		{4D4100D5-2885-4ECD-8E9E-384FA76FC4FE}.Release|Win32.ActiveCfg = Release|Win32
		{4D4100D5-2885-4ECD-8E9E-384FA76FC4FE}.Release|Win32.Build.0 = Release|Win32
		{DC1CD693-3211-4065-BC83-99A6CBE2FED9}.Debug|Win32.ActiveCfg = Debug|Win32
		{DC1CD693-3211-4065-BC83-99A6CBE2FED9}.Debug|Win32.Build.0 = Debug|Win32
		{DC1CD693-3211-4065-BC83-99A6CBE2FED9}.Release|Win32.ActiveCfg = Release|Win32
		{DC1CD693-3211-4065-BC83-99A6CBE2FED9}.Release|Win32.Build.0 = Release|Win32
		{1D8E5936-AFC1-45C1-9A1F-726BE8BE3D4E}.Debug|Win32.ActiveCfg = Debug|Win32
		{1D8E5936-AFC1-45C1-9A1F-726BE8BE3D4E}.Debug|Win32.Build.0 = Debug|Win32
		{1D8E5936-AFC1-45C1-9A1F-726BE8BE3D4E}.Release|Win32.ActiveCfg = Release|Win32
		{1D8E5936-AFC1-45C1-9A1F-726BE8BE3D4E}.Release|Win32.Build.0 = Release|Win32
		{2778BBF8-4D6F-4B58-ACCA-033CAB83E87E}.Debug|Win32.ActiveCfg = Debug|Win32
		{2778BBF8-4D6F-4B58-ACCA-033CAB83E87E}.Debug|Win32.Build.0 = Debug|Win32
		{2778BBF8-4D6F-4B58-ACCA-033CAB83E87E}.Release|Win32.ActiveCfg = Release|Win32
		{2778BBF8-4D6F-4B58-ACCA-033CAB83E87E}.Release|Win32.Build.0 = Release|Win32
		{4C3789D7-3B76-4B6E-8A6F-33106D62F61F}.Debug|Win32.ActiveCfg = Debug|Win32
		{4C3789D7-3B76-4B6E-8A6F-33106D62F61F}.Debug|Win32.Build.0 = Debug|Win32
		{4C3789D7-3B76-4B6E-8A6F-33106D62F61F}.Release|Win32.ActiveCfg = Release|Win32
		{4C3789D7-3B76-4B6E-8A6F-33106D62F61F}.Release|Win32.Build.0 = Release|Win32
		{C5DA4A3C-92DA-4326-8D64-3B8E97743BB2}.Debug|Win32.ActiveCfg = Debug|Win32
		{C5DA4A3C-92DA-4326-8D64-3B8E97743BB2}.Debug|Win32.Build.0 = Debug|Win32
		{C5DA4A3C-92DA-4326-8D64-3B8E97743BB2}.Release|Win32.ActiveCfg = Release|Win32
		{C5DA4A3C-92DA-4326-8D64-3B8E97743BB2}.Release|Win32.Build.0 = Release|Win32
		{6553C12D-4020-4F7C-840C-9A647384A9B8}.Debug|Win32.ActiveCfg = Debug|Win32
		{6553C12D-4020-4F7C-840C-9A647384A9B8}.Debug|Win32.Build.0 = Debug|Win32
		{6553C12D-4020-4F7C-840C-9A647384A9B8}.Release|Win32.ActiveCfg = Release|Win32
		{6553C12D-4020-4F7C-840C-9A647384A9B8}.Release|Win32.Build.0 = Release|Win32
		{53066AD5-17A7-4DBF-9037-2F74BCAEB516}.Debug|Win32.ActiveCfg = Debug|Win32
		{53066AD5-17A7-4DBF-9037-2F74BCAEB516}.Debug|Win32.Build.0 = Debug|Win32
		{53066AD5-17A7-4DBF-9037-2F74BCAEB516}.Release|Win32.ActiveCfg = Release|Win32
		{53066AD5-17A7-4DBF-9037-2F74BCAEB516}.Release|Win32.Build.0 = Release|Win32
		{0320B452-598E-4DA0-AB9E-6593AF66E911}.Debug|Win32.ActiveCfg = Debug|Win32
		{0320B452-598E-4DA0-AB9E-6593AF66E911}.Debug|Win32.Build.0 = Debug|Win32
		{0320B452-598E-4DA0-AB9E-6593AF66E911}.Release|Win32.ActiveCfg = Release|Win32
		{0320B452-598E-4DA0-AB9E-6593AF66E911}.Release|Win32.Build.0 = Release|Win32
		{5F9FB1A3-94FC-478C-81A7-52E891063063}.Debug|Win32.ActiveCfg = Debug|Win32
		{5F9FB1A3-94FC-478C-81A7-52E891063063}.Debug|Win32.Build.0 = Debug|Win32
		{5F9FB1A3-94FC-478C-81A7-52E891063063}.Release|Win32.ActiveCfg = Release|Win32
		{5F9FB1A3-94FC-478C-81A7-52E891063063}.Release|Win32.Build.0 = Release|Win32
		{D99DE0B9-1380-46B2-8A73-70E431877F9A}.Debug|Win32.ActiveCfg = Debug|Win32
		{D99DE0B9-1380-46B2-8A73-70E431877F9A}.Debug|Win32.Build.0 = Debug|Win32
		{D99DE0B9-1380-46B2-8A73-70E431877F9A}.Release|Win32.ActiveCfg = Release|Win32
		{D99DE0B9-1380-46B2-8A73-70E431877F9A}.Release|Win32.Build.0 = Release|Win32
		{CD6370BF-9370-40C6-9E47-FAE37748F6FB}.Debug|Win32.ActiveCfg = Debug|Win32
		{CD6370BF-9370-40C6-9E47-FAE37748F6FB}.Debug|Win32.Build.0 = Debug|Win32
		{CD6370BF-9370-40C6-9E47-FAE37748F6FB}.Release|Win32.ActiveCfg = Release|Win32
		{CD6370BF-9370-40C6-9E47-FAE37748F6FB}.Release|Win32.Build.0 = Release|Win32
		{5F360EBE-1B08-45B2-B10A-9D6E7D1BE95F}.Debug|Win32.ActiveCfg = Debug|Win32
		{5F360EBE-1B08-45B2-B10A-9D6E7D1BE95F}.Debug|Win32.Build.0 = Debug|Win32
		{5F360EBE-1B08-45B2-B10A-9D6E7D1BE95F}.Release|Win32.ActiveCfg = Release|Win32
		{5F360EBE-1B08-45B2-B10A-9D6E7D1BE95F}.Release|Win32.Build.0 = Release|Win32
		{77F72809-5900-4E9A-9E1B-BD6022F84FBD}.Debug|Win32.ActiveCfg = Debug|Win32
		{77F72809-5900-4E9A-9E1B-BD6022F84FBD}.Debug|Win32.Build.0 = Debug|Win32
		{77F72809-5900-4E9A-9E1B-BD6022F84FBD}.Release|Win32.ActiveCfg = Release|Win32
		{77F72809-5900-4E9A-9E1B-BD6022F84FBD}.Release|Win32.Build.0 = Release|Win32
		{0F07241D-7BDC-4CFB-BB10-99733A196037}.Debug|Win32.ActiveCfg = Debug|Win32
		{0F07241D-7BDC-4CFB-BB10-99733A196037}.Debug|Win32.Build.0 = Debug|Win32
		{0F07241D-7BDC-4CFB-BB10-99733A196037}.Release|Win32.ActiveCfg = Release|Win32
		{0F07241D-7BDC-4CFB-BB10-99733A196037}.Release|Win32.Build.0 = Release|Win32
		{D617DB3C-198E-4CF7-AB19-2B0C94E893DE}.Debug|Win32.ActiveCfg = Debug|Win32
		{D617DB3C-198E-4CF7-AB19-2B0C94E893DE}.Debug|Win32.Build.0 = Debug|Win32
		{D617DB3C-198E-4CF7-AB19-2B0C94E893DE}.Release|Win32.ActiveCfg = Release|Win32
		{D617DB3C-198E-4CF7-AB19-2B0C94E893DE}.Release|Win32.Build.0 = Release|Win32
		{4FAAA542-48D8-46D4-923D-958A1CFD087B}.Debug|Win32.ActiveCfg = Debug|Win32
		{4FAAA542-48D8-46D4-923D-958A1CFD087B}.Debug|Win32.Build.0 = Debug|Win32
		{4FAAA542-48D8-46D4-923D-958A1CFD087B}.Release|Win32.ActiveCfg = Release|Win32
		{4FAAA542-48D8-46D4-923D-958A1CFD087B}.Release|Win32.Build.0 = Release|Win32
		{B461DEC0-CC0A-4EEB-9F7F-A1E9EEB55218}.Debug|Win32.ActiveCfg = Debug|Win32
		{B461DEC0-CC0A-4EEB-9F7F-A1E9EEB55218}.Debug|Win32.Build.0 = Debug|Win32
		{B461DEC0-CC0A-4EEB-9F7F-A1E9EEB55218}.Release|Win32.ActiveCfg = Release|Win32
		{B461DEC0-CC0A-4EEB-9F7F-A1E9EEB55218}.Release|Win32.Build.0 = Release|Win32
		{2EF6BAA5-20D8-4EC7-B930-BC3F242EC6CA}.Debug|Win32.ActiveCfg = Debug|Win32
		{2EF6BAA5-20D8-4EC7-B930-BC3F242EC6CA}.Debug|Win32.Build.0 = Debug|Win32
		{2EF6BAA5-20D8-4EC7-B930-BC3F242EC6CA}.Release|Win32.ActiveCfg = Release|Win32
		{2EF6BAA5-20D8-4EC7-B930-BC3F242EC6CA}.Release|Win32.Build.0 = Release|Win32
		{94749D26-84E6-4F37-9467-4B64741F8072}.Debug|Win32.ActiveCfg = Debug|Win32
		{94749D26-84E6-4F37-9467-4B64741F8072}.Debug|Win32.Build.0 = Debug|Win32
		{94749D26-84E6-4F37-9467-4B64741F8072}.Release|Win32.ActiveCfg = Release|Win32
		{94749D26-84E6-4F37-9467-4B64741F8072}.Release|Win32.Build.0 = Release|Win32
		{4A4AE61C-B4BB-486B-8450-EE37B0E9E235}.Debug|Win32.ActiveCfg = Debug|Win32
		{4A4AE61C-B4BB-486B-8450-EE37B0E9E235}.Debug|Win32.Build.0 = Debug|Win32
		{4A4AE61C-B4BB-486B-8450-EE37B0E9E235}.Release|Win32.ActiveCfg = Release|Win32
		{4A4AE61C-B4BB-486B-8450-EE37B0E9E235}.Release|Win32.Build.0 = Release|Win32
		{E15D36F0-C566-48FD-8709-DBE65ED2DAD2}.Debug|Win32.ActiveCfg = Debug|Win32
		{E15D36F0-C566-48FD-8709-DBE65ED2DAD2}.Debug|Win32.Build.0 = Debug|Win32
		{E15D36F0-C566-48FD-8709-DBE65ED2DAD2}.Release|Win32.ActiveCfg = Release|Win32
		{E15D36F0-C566-48FD-8709-DBE65ED2DAD2}.Release|Win32.Build.0 = Release|Win32
		{FEED9A1A-A400-42E2-AF08-D3B9E7122A8E}.Debug|Win32.ActiveCfg = Debug|Win32
		{FEED9A1A-A400-42E2-AF08-D3B9E7122A8E}.Debug|Win32.Build.0 = Debug|Win32
		{FEED9A1A-A400-42E2-AF08-D3B9E7122A8E}.Release|Win32.ActiveCfg = Release|Win32
		{FEED9A1A-A400-42E2-AF08-D3B9E7122A8E}.Release|Win32.Build.0 = Release|Win32
		{F27EC02A-60DC-4B14-AC9D-2109851822B9}.Debug|Win32.ActiveCfg = Debug|Win32
		{F27EC02A-60DC-4B14-AC9D-2109851822B9}.Debug|Win32.Build.0 = Debug|Win32
		{F27EC02A-60DC-4B14-AC9D-2109851822B9}.Release|Win32.ActiveCfg = Release|Win32
		{F27EC02A-60DC-4B14-AC9D-2109851822B9}.Release|Win32.Build.0 = Release|Win32
		{2E1E2ACA-F52A-4C48-ACD4-8DB30E784982}.Debug|Win32.ActiveCfg = Debug|Win32
		{2E1E2ACA-F52A-4C48-ACD4-8DB30E784982}.Debug|Win32.Build.0 = Debug|Win32
		{2E1E2ACA-F52A-4C48-ACD4-8DB30E784982}.Release|Win32.ActiveCfg = Release|Win32
		{2E1E2ACA-F52A-4C48-ACD4-8DB30E784982}.Release|Win32.Build.0 = Release|Win32
		{B5D65A23-44CD-41EB-A73A-DED7FE425FCB}.Debug|Win32.ActiveCfg = Debug|Win32
		{B5D65A23-44CD-41EB-A73A-DED7FE425FCB}.Debug|Win32.Build.0 = Debug|Win32
		{B5D65A23-44CD-41EB-A73A-DED7FE425FCB}.Release|Win32.ActiveCfg = Release|Win32
		{B5D65A23-44CD-41EB-A73A-DED7FE425FCB}.Release|Win32.Build.0 = Release|Win32
		{84A6D1F0-E739-4904-95F8-913909B5EF94}.Debug|Win32.ActiveCfg = Debug|Win32
		{84A6D1F0-E739-4904-95F8-913909B5EF94}.Debug|Win32.Build.0 = Debug|Win32
		{84A6D1F0-E739-4904-95F8-913909B5EF94}.Release|Win32.ActiveCfg = Release|Win32
		{84A6D1F0-E739-4904-95F8-913909B5EF94}.Release|Win32.Build.0 = Release|Win32
		{34426CAB-2906-4F3F-8EB9-4B94286F48FE}.Debug|Win32.ActiveCfg = Debug|Win32
		{34426CAB-2906-4F3F-8EB9-4B94286F48FE}.Debug|Win32.Build.0 = Debug|Win32
		{34426CAB-2906-4F3F-8EB9-4B94286F48FE}.Release|Win32.ActiveCfg = Release|Win32
		{34426CAB-2906-4F3F-8EB9-4B94286F48FE}.Release|Win32.Build.0 = Release|Win32
		{DEFB1AF3-9D08-4B0A-BB85-ADCF29FE5157}.Debug|Win32.ActiveCfg = Debug|Win32
		{DEFB1AF3-9D08-4B0A-BB85-ADCF29FE5157}.Debug|Win32.Build.0 = Debug|Win32
		{DEFB1AF3-9D08-4B0A-BB85-ADCF29FE5157}.Release|Win32.ActiveCfg = Release|Win32
		{DEFB1AF3-9D08-4B0A-BB85-ADCF29FE5157}.Release|Win32.Build.0 = Release|Win32
		{413C9C98-40A4-4533-9651-D48E694BFFE4}.Debug|Win32.ActiveCfg = Debug|Win32
		{413C9C98-40A4-4533-9651-D48E694BFFE4}.Debug|Win32.Build.0 = Debug|Win32
		{413C9C98-40A4-4533-9651-D48E694BFFE4}.Release|Win32.ActiveCfg = Release|Win32
		{413C9C98-40A4-4533-9651-D48E694BFFE4}.Release|Win32.Build.0 = Release|Win32
		{BAFD1B84-64B6-4F24-818A-716C2820DBCF}.Debug|Win32.ActiveCfg = Debug|Win32
		{BAFD1B84-64B6-4F24-818A-716C2820DBCF}.Debug|Win32.Build.0 = Debug|Win32
		{BAFD1B84-64B6-4F24-818A-716C2820DBCF}.Release|Win32.ActiveCfg = Release|Win32
		{BAFD1B84-64B6-4F24-818A-716C2820DBCF}.Release|Win32.Build.0 = Release|Win32
		{1687EF5D-A706-4A0E-9380-B47DEC262E6E}.Debug|Win32.ActiveCfg = Debug|Win32
		{1687EF5D-A706-4A0E-9380-B47DEC262E6E}.Debug|Win32.Build.0 = Debug|Win32
		{1687EF5D-A706-4A0E-9380-B47DEC262E6E}.Release|Win32.ActiveCfg = Release|Win32
		{1687EF5D-A706-4A0E-9380-B47DEC262E6E}.Release|Win32.Build.0 = Release|Win32
		{9CA2E88B-F4A6-44CE-BD4B-CB2375CCB990}.Debug|Win32.ActiveCfg = Debug|Win32
		{9CA2E88B-F4A6-44CE-BD4B-CB2375CCB990}.Debug|Win32.Build.0 = Debug|Win32
		{9CA2E88B-F4A6-44CE-BD4B-CB2375CCB990}.Release|Win32.ActiveCfg = Release|Win32
		{9CA2E88B-F4A6-44CE-BD4B-CB2375CCB990}.Release|Win32.Build.0 = Release|Win32
	EndGlobalSection
	GlobalSection(SolutionProperties) = preSolution
		HideSolutionNode = FALSE
	EndGlobalSection
	GlobalSection(NestedProjects) = preSolution
		{90964E64-2355-48D3-9D62-507CF2589D69} = {677595EE-A0A8-43CB-9B7B-4440919CCDE9}
		{5454540C-83FD-49BD-9357-13FB4BAB342E} = {677595EE-A0A8-43CB-9B7B-4440919CCDE9}
		{83C2AF25-3F77-4FF2-8215-A06155FD47AD} = {677595EE-A0A8-43CB-9B7B-4440919CCDE9}
		{7967D43A-F24C-40B5-ADD5-750595810A57} = {677595EE-A0A8-43CB-9B7B-4440919CCDE9}
		{F12294D7-4182-4D21-8D7D-A9BD40FFD410} = {677595EE-A0A8-43CB-9B7B-4440919CCDE9}
		{E07ADDA5-A945-46C2-9E74-996FE487C22B} = {677595EE-A0A8-43CB-9B7B-4440919CCDE9}
		{911349D1-43CD-4880-8B40-9A4D600BA809} = {677595EE-A0A8-43CB-9B7B-4440919CCDE9}
		{99993686-6809-4F27-9D8D-6595A64A9E37} = {677595EE-A0A8-43CB-9B7B-4440919CCDE9}
		{21132353-4C1B-444D-8E34-477504F5302C} = {677595EE-A0A8-43CB-9B7B-4440919CCDE9}
		{91AFD820-BD9C-448C-9C23-D8B5D225C72C} = {677595EE-A0A8-43CB-9B7B-4440919CCDE9}
		{A9B18EE4-FEC9-4CE5-8A53-6CADCFA65180} = {677595EE-A0A8-43CB-9B7B-4440919CCDE9}
		{E3AAB551-CB0A-466F-928C-AF533E64201A} = {677595EE-A0A8-43CB-9B7B-4440919CCDE9}
		{F61CFA6D-671E-4130-B774-782D8EBAEAFD} = {677595EE-A0A8-43CB-9B7B-4440919CCDE9}
		{E1210E97-7BCD-452A-802A-945611CD3A45} = {677595EE-A0A8-43CB-9B7B-4440919CCDE9}
		{D65E3CAB-B933-4DB3-80FD-4EFB25752332} = {677595EE-A0A8-43CB-9B7B-4440919CCDE9}
		{FA6EF1A2-D96F-443A-B177-B446849D85EA} = {677595EE-A0A8-43CB-9B7B-4440919CCDE9}
		{163062C2-297D-41A8-ACE1-602E2711A769} = {677595EE-A0A8-43CB-9B7B-4440919CCDE9}
		{047EBEED-77E0-4A8D-A77D-76A3E806E5A0} = {677595EE-A0A8-43CB-9B7B-4440919CCDE9}
		{36D19514-6D9F-4165-BD4A-5899DE794E6B} = {677595EE-A0A8-43CB-9B7B-4440919CCDE9}
		{5133CF47-B4AD-47B1-AC39-6C8A4226FD74} = {F3FF76DA-D330-4929-96DB-489F9C6D4C75}
		{282BB3FC-32EF-478E-A544-ABD067B9200C} = {F3FF76DA-D330-4929-96DB-489F9C6D4C75}
		{6CA3FA0A-46B3-465F-83BD-F8B4575DCCC2} = {F3FF76DA-D330-4929-96DB-489F9C6D4C75}
		{66A0B6F9-BC59-4CC5-A3AB-E57FF28EAB5B} = {F3FF76DA-D330-4929-96DB-489F9C6D4C75}
		{F060E381-3D8C-4D80-B775-82E4B0178121} = {F3FF76DA-D330-4929-96DB-489F9C6D4C75}
		{5E9C6D2B-49A0-4525-A496-9E1A1A568A5B} = {F3FF76DA-D330-4929-96DB-489F9C6D4C75}
		{E4BDBD22-604C-47AA-BD21-DEB6489B40F1} = {F3FF76DA-D330-4929-96DB-489F9C6D4C75}
		{ECB2EDF6-3A8F-4BDB-8121-2A94142AB032} = {F3FF76DA-D330-4929-96DB-489F9C6D4C75}
		{9D748E32-8930-4EFA-B407-FABDB09903B2} = {F3FF76DA-D330-4929-96DB-489F9C6D4C75}
		{8EF86AE9-2E13-448B-B7BC-B660571D0493} = {F3FF76DA-D330-4929-96DB-489F9C6D4C75}
		{01F58D3E-EE3B-4A60-ABFB-E2A3AA1FD2F2} = {F3FF76DA-D330-4929-96DB-489F9C6D4C75}
		{08AED8A2-28E6-4BBB-B8FD-A0BF852EAB8F} = {F3FF76DA-D330-4929-96DB-489F9C6D4C75}
		{A6D3A3C9-39EA-4787-92F9-23E5BDACC871} = {F3FF76DA-D330-4929-96DB-489F9C6D4C75}
		{F49F8271-2E31-4140-A180-C8F8E40D50DE} = {F3FF76DA-D330-4929-96DB-489F9C6D4C75}
		{3318ACD1-E031-4A3F-912A-4049D746139F} = {F3FF76DA-D330-4929-96DB-489F9C6D4C75}
		{374F6C39-F661-4B4C-B3EC-71243DE6DDC5} = {F3FF76DA-D330-4929-96DB-489F9C6D4C75}
		{3B3A7884-98C1-43CC-95ED-1A2BC1C3DBAA} = {F3FF76DA-D330-4929-96DB-489F9C6D4C75}
		{B2035062-A5EA-4D16-B5DC-F3022739F0CF} = {F3FF76DA-D330-4929-96DB-489F9C6D4C75}
		{F86922E4-BBB7-45D5-BEE2-885335D46779} = {F3FF76DA-D330-4929-96DB-489F9C6D4C75}
		{656FFDEA-6596-4517-9A3F-53231A1321DE} = {F3FF76DA-D330-4929-96DB-489F9C6D4C75}
		{FB561609-5666-49E0-8B24-8A0341F79340} = {F3FF76DA-D330-4929-96DB-489F9C6D4C75}
		{D1CE13DF-A915-44E1-8896-9675D053AFAC} = {F3FF76DA-D330-4929-96DB-489F9C6D4C75}
		{D84041CE-CBE9-4FED-B10A-F9B7AA6AF62E} = {F3FF76DA-D330-4929-96DB-489F9C6D4C75}
		{02143677-5D10-41DB-89B9-B0765931E889} = {F3FF76DA-D330-4929-96DB-489F9C6D4C75}
		{598EE1C2-D7EC-4CEA-8451-D8C1EA70A6B7} = {F3FF76DA-D330-4929-96DB-489F9C6D4C75}
		{820C22D0-141C-4AD8-A478-A113A1FA9171} = {F3FF76DA-D330-4929-96DB-489F9C6D4C75}
		{9861F2FC-BEED-4C75-9C40-ECB9B4248C09} = {F3FF76DA-D330-4929-96DB-489F9C6D4C75}
		{8A749708-DAD3-4E85-AA8C-AE92FC17FD08} = {F3FF76DA-D330-4929-96DB-489F9C6D4C75}
		{AE0F8EA3-C65A-4F4E-92A9-D8D729103466} = {F3FF76DA-D330-4929-96DB-489F9C6D4C75}
		{FF5C3699-BC39-4B7E-8660-36E9A4FECCBE} = {F3FF76DA-D330-4929-96DB-489F9C6D4C75}
		{1294FE39-75FD-4262-AA98-855CCD15C516} = {F3FF76DA-D330-4929-96DB-489F9C6D4C75}
		{14C4760F-C782-4B13-B971-29C6FC3D68D1} = {F3FF76DA-D330-4929-96DB-489F9C6D4C75}
		{9E1A6392-21B1-457C-8023-82C7DE2E3E7D} = {F3FF76DA-D330-4929-96DB-489F9C6D4C75}
		{7268D765-361C-4A0A-9FC0-51200EBC1B15} = {F3FF76DA-D330-4929-96DB-489F9C6D4C75}
		{6DD2290C-4FA8-44DD-8ADA-D32A49D9634F} = {F3FF76DA-D330-4929-96DB-489F9C6D4C75}
		{F98D83C5-C549-4B58-82FD-652801EA7208} = {F3FF76DA-D330-4929-96DB-489F9C6D4C75}
		{85F267A9-B62C-4BC0-B1EE-9B9DACE479BF} = {F3FF76DA-D330-4929-96DB-489F9C6D4C75}
		{8BA38298-2106-4284-A663-BC02AD5F2526} = {F3FF76DA-D330-4929-96DB-489F9C6D4C75}
		{482591CE-58ED-4541-BF97-9FD648BF5991} = {F3FF76DA-D330-4929-96DB-489F9C6D4C75}
		{3CEAC2AA-F39B-4EAD-A0B7-A3591F42E970} = {F3FF76DA-D330-4929-96DB-489F9C6D4C75}
		{19A26F7A-C8CB-4E29-8912-65207A020DFE} = {F3FF76DA-D330-4929-96DB-489F9C6D4C75}
		{9A767576-5ECF-4D47-B01C-FF14410D570A} = {F3FF76DA-D330-4929-96DB-489F9C6D4C75}
		{E9EDBBD6-2A34-4BCF-8DDE-A381C5AD6AAA} = {68165A7B-5910-417D-8DE6-4E7B2EA6760D}
		{268622C2-C77F-4680-8803-624C9C7FED17} = {475ECB5A-3F2B-4862-A633-218B5CAC393A}
		{C7137ADF-65B7-4670-B6BC-6233F098669F} = {66B2AB28-7441-4B72-99E3-4E6FA839DF62}
		{552FACB6-F7A2-490B-B3B5-CEB54072232E} = {C134B5C5-3302-4B74-B548-4B8033976B2A}
		{BB7F9061-817D-4A7D-BA79-69FC7CB0A9B2} = {C134B5C5-3302-4B74-B548-4B8033976B2A}
		{4D4100D5-2885-4ECD-8E9E-384FA76FC4FE} = {C134B5C5-3302-4B74-B548-4B8033976B2A}
		{DC1CD693-3211-4065-BC83-99A6CBE2FED9} = {C134B5C5-3302-4B74-B548-4B8033976B2A}
		{1D8E5936-AFC1-45C1-9A1F-726BE8BE3D4E} = {C134B5C5-3302-4B74-B548-4B8033976B2A}
		{2778BBF8-4D6F-4B58-ACCA-033CAB83E87E} = {77BE7C47-5F22-4A14-A0B7-B56252AD3C03}
		{4C3789D7-3B76-4B6E-8A6F-33106D62F61F} = {77BE7C47-5F22-4A14-A0B7-B56252AD3C03}
		{C5DA4A3C-92DA-4326-8D64-3B8E97743BB2} = {77BE7C47-5F22-4A14-A0B7-B56252AD3C03}
		{6553C12D-4020-4F7C-840C-9A647384A9B8} = {77BE7C47-5F22-4A14-A0B7-B56252AD3C03}
		{53066AD5-17A7-4DBF-9037-2F74BCAEB516} = {0176B34B-2D71-4C16-9715-2635633A9836}
		{0320B452-598E-4DA0-AB9E-6593AF66E911} = {0176B34B-2D71-4C16-9715-2635633A9836}
		{5F9FB1A3-94FC-478C-81A7-52E891063063} = {0176B34B-2D71-4C16-9715-2635633A9836}
		{D99DE0B9-1380-46B2-8A73-70E431877F9A} = {0176B34B-2D71-4C16-9715-2635633A9836}
		{CD6370BF-9370-40C6-9E47-FAE37748F6FB} = {0176B34B-2D71-4C16-9715-2635633A9836}
		{5F360EBE-1B08-45B2-B10A-9D6E7D1BE95F} = {0176B34B-2D71-4C16-9715-2635633A9836}
		{77F72809-5900-4E9A-9E1B-BD6022F84FBD} = {0176B34B-2D71-4C16-9715-2635633A9836}
		{0F07241D-7BDC-4CFB-BB10-99733A196037} = {0176B34B-2D71-4C16-9715-2635633A9836}
		{D617DB3C-198E-4CF7-AB19-2B0C94E893DE} = {0176B34B-2D71-4C16-9715-2635633A9836}
		{4FAAA542-48D8-46D4-923D-958A1CFD087B} = {0176B34B-2D71-4C16-9715-2635633A9836}
		{B461DEC0-CC0A-4EEB-9F7F-A1E9EEB55218} = {0176B34B-2D71-4C16-9715-2635633A9836}
		{2EF6BAA5-20D8-4EC7-B930-BC3F242EC6CA} = {0176B34B-2D71-4C16-9715-2635633A9836}
		{94749D26-84E6-4F37-9467-4B64741F8072} = {0176B34B-2D71-4C16-9715-2635633A9836}
		{4A4AE61C-B4BB-486B-8450-EE37B0E9E235} = {0176B34B-2D71-4C16-9715-2635633A9836}
		{E15D36F0-C566-48FD-8709-DBE65ED2DAD2} = {0176B34B-2D71-4C16-9715-2635633A9836}
		{FEED9A1A-A400-42E2-AF08-D3B9E7122A8E} = {0176B34B-2D71-4C16-9715-2635633A9836}
		{F27EC02A-60DC-4B14-AC9D-2109851822B9} = {0176B34B-2D71-4C16-9715-2635633A9836}
		{2E1E2ACA-F52A-4C48-ACD4-8DB30E784982} = {0176B34B-2D71-4C16-9715-2635633A9836}
		{B5D65A23-44CD-41EB-A73A-DED7FE425FCB} = {0176B34B-2D71-4C16-9715-2635633A9836}
		{84A6D1F0-E739-4904-95F8-913909B5EF94} = {0176B34B-2D71-4C16-9715-2635633A9836}
		{34426CAB-2906-4F3F-8EB9-4B94286F48FE} = {0176B34B-2D71-4C16-9715-2635633A9836}
		{DEFB1AF3-9D08-4B0A-BB85-ADCF29FE5157} = {0176B34B-2D71-4C16-9715-2635633A9836}
		{413C9C98-40A4-4533-9651-D48E694BFFE4} = {0176B34B-2D71-4C16-9715-2635633A9836}
		{BAFD1B84-64B6-4F24-818A-716C2820DBCF} = {0176B34B-2D71-4C16-9715-2635633A9836}
		{1687EF5D-A706-4A0E-9380-B47DEC262E6E} = {0176B34B-2D71-4C16-9715-2635633A9836}
		{9CA2E88B-F4A6-44CE-BD4B-CB2375CCB990} = {0176B34B-2D71-4C16-9715-2635633A9836}
	EndGlobalSection
EndGlobal
